
Microsoft Visual Studio Solution File, Format Version 12.00
# Visual Studio 15
VisualStudioVersion = 15.0.28307.329
MinimumVisualStudioVersion = 10.0.40219.1
Project("{FAE04EC0-301F-11D3-BF4B-00C04F79EFBC}") = "Task 2", "Task 2\Task 2.csproj", "{C092DC05-0B05-4402-9141-EFA81CDCC803}"
EndProject
Project("{FAE04EC0-301F-11D3-BF4B-00C04F79EFBC}") = "Task 3", "Task 3\Task 3.csproj", "{F09BB48C-84AF-4F2B-B354-03F19DA7F4BE}"
EndProject
Project("{FAE04EC0-301F-11D3-BF4B-00C04F79EFBC}") = "Additional Task", "Additional Task\Additional Task.csproj", "{28575F17-82FE-4FB9-8FDD-04E88532E304}"
EndProject
Global
	GlobalSection(SolutionConfigurationPlatforms) = preSolution
		Debug|Any CPU = Debug|Any CPU
		Release|Any CPU = Release|Any CPU
	EndGlobalSection
	GlobalSection(ProjectConfigurationPlatforms) = postSolution
		{C092DC05-0B05-4402-9141-EFA81CDCC803}.Debug|Any CPU.ActiveCfg = Debug|Any CPU
		{C092DC05-0B05-4402-9141-EFA81CDCC803}.Debug|Any CPU.Build.0 = Debug|Any CPU
		{C092DC05-0B05-4402-9141-EFA81CDCC803}.Release|Any CPU.ActiveCfg = Release|Any CPU
		{C092DC05-0B05-4402-9141-EFA81CDCC803}.Release|Any CPU.Build.0 = Release|Any CPU
		{F09BB48C-84AF-4F2B-B354-03F19DA7F4BE}.Debug|Any CPU.ActiveCfg = Debug|Any CPU
		{F09BB48C-84AF-4F2B-B354-03F19DA7F4BE}.Debug|Any CPU.Build.0 = Debug|Any CPU
		{F09BB48C-84AF-4F2B-B354-03F19DA7F4BE}.Release|Any CPU.ActiveCfg = Release|Any CPU
		{F09BB48C-84AF-4F2B-B354-03F19DA7F4BE}.Release|Any CPU.Build.0 = Release|Any CPU
		{28575F17-82FE-4FB9-8FDD-04E88532E304}.Debug|Any CPU.ActiveCfg = Debug|x86
		{28575F17-82FE-4FB9-8FDD-04E88532E304}.Release|Any CPU.ActiveCfg = Release|x86
	EndGlobalSection
	GlobalSection(SolutionProperties) = preSolution
		HideSolutionNode = FALSE
	EndGlobalSection
	GlobalSection(ExtensibilityGlobals) = postSolution
		SolutionGuid = {905E83CE-D620-4D72-9FE9-7AAEB9E441C4}
	EndGlobalSection
EndGlobal
