
Microsoft Visual Studio Solution File, Format Version 12.00
# Visual Studio 15
VisualStudioVersion = 15.0.28307.271
MinimumVisualStudioVersion = 10.0.40219.1
Project("{FAE04EC0-301F-11D3-BF4B-00C04F79EFBC}") = "Additional_Task", "001_Classes\Additional_Task\Additional_Task.csproj", "{0989BDE0-EBC2-4F24-A42A-B22ADF1E0A90}"
EndProject
Project("{2150E333-8FDC-42A3-9474-1A3956D46DE8}") = "001_Classes", "001_Classes", "{FB996D18-A323-42B7-A816-786A87C2D7EC}"
EndProject
Project("{FAE04EC0-301F-11D3-BF4B-00C04F79EFBC}") = "Task_1", "001_Classes\Task_1\Task_1.csproj", "{5944F993-0009-4A42-B5FA-784810B4D38A}"
EndProject
Project("{FAE04EC0-301F-11D3-BF4B-00C04F79EFBC}") = "Task_2", "001_Classes\Task_2\Task_2.csproj", "{78AE2AF4-7C4A-46FE-A438-CEFD797E5AA0}"
EndProject
Project("{FAE04EC0-301F-11D3-BF4B-00C04F79EFBC}") = "Task_3", "001_Classes\Task_3\Task_3.csproj", "{7BD34EFD-F759-4CA0-911B-28DAF1853686}"
EndProject
Project("{FAE04EC0-301F-11D3-BF4B-00C04F79EFBC}") = "Task_4", "001_Classes\Task_4\Task_4.csproj", "{3BAA777E-BD25-4AB3-B0F7-C6F18E49CC94}"
EndProject
Project("{FAE04EC0-301F-11D3-BF4B-00C04F79EFBC}") = "Task_5", "001_Classes\Task_5\Task_5.csproj", "{3CA64A4B-0218-4431-A03C-0EFD3FA66EF4}"
EndProject
Global
	GlobalSection(SolutionConfigurationPlatforms) = preSolution
		Debug|Any CPU = Debug|Any CPU
		Release|Any CPU = Release|Any CPU
	EndGlobalSection
	GlobalSection(ProjectConfigurationPlatforms) = postSolution
		{0989BDE0-EBC2-4F24-A42A-B22ADF1E0A90}.Debug|Any CPU.ActiveCfg = Debug|Any CPU
		{0989BDE0-EBC2-4F24-A42A-B22ADF1E0A90}.Debug|Any CPU.Build.0 = Debug|Any CPU
		{0989BDE0-EBC2-4F24-A42A-B22ADF1E0A90}.Release|Any CPU.ActiveCfg = Release|Any CPU
		{0989BDE0-EBC2-4F24-A42A-B22ADF1E0A90}.Release|Any CPU.Build.0 = Release|Any CPU
		{5944F993-0009-4A42-B5FA-784810B4D38A}.Debug|Any CPU.ActiveCfg = Debug|Any CPU
		{5944F993-0009-4A42-B5FA-784810B4D38A}.Debug|Any CPU.Build.0 = Debug|Any CPU
		{5944F993-0009-4A42-B5FA-784810B4D38A}.Release|Any CPU.ActiveCfg = Release|Any CPU
		{5944F993-0009-4A42-B5FA-784810B4D38A}.Release|Any CPU.Build.0 = Release|Any CPU
		{78AE2AF4-7C4A-46FE-A438-CEFD797E5AA0}.Debug|Any CPU.ActiveCfg = Debug|Any CPU
		{78AE2AF4-7C4A-46FE-A438-CEFD797E5AA0}.Debug|Any CPU.Build.0 = Debug|Any CPU
		{78AE2AF4-7C4A-46FE-A438-CEFD797E5AA0}.Release|Any CPU.ActiveCfg = Release|Any CPU
		{78AE2AF4-7C4A-46FE-A438-CEFD797E5AA0}.Release|Any CPU.Build.0 = Release|Any CPU
		{7BD34EFD-F759-4CA0-911B-28DAF1853686}.Debug|Any CPU.ActiveCfg = Debug|Any CPU
		{7BD34EFD-F759-4CA0-911B-28DAF1853686}.Debug|Any CPU.Build.0 = Debug|Any CPU
		{7BD34EFD-F759-4CA0-911B-28DAF1853686}.Release|Any CPU.ActiveCfg = Release|Any CPU
		{7BD34EFD-F759-4CA0-911B-28DAF1853686}.Release|Any CPU.Build.0 = Release|Any CPU
		{3BAA777E-BD25-4AB3-B0F7-C6F18E49CC94}.Debug|Any CPU.ActiveCfg = Debug|Any CPU
		{3BAA777E-BD25-4AB3-B0F7-C6F18E49CC94}.Debug|Any CPU.Build.0 = Debug|Any CPU
		{3BAA777E-BD25-4AB3-B0F7-C6F18E49CC94}.Release|Any CPU.ActiveCfg = Release|Any CPU
		{3BAA777E-BD25-4AB3-B0F7-C6F18E49CC94}.Release|Any CPU.Build.0 = Release|Any CPU
		{3CA64A4B-0218-4431-A03C-0EFD3FA66EF4}.Debug|Any CPU.ActiveCfg = Debug|Any CPU
		{3CA64A4B-0218-4431-A03C-0EFD3FA66EF4}.Debug|Any CPU.Build.0 = Debug|Any CPU
		{3CA64A4B-0218-4431-A03C-0EFD3FA66EF4}.Release|Any CPU.ActiveCfg = Release|Any CPU
		{3CA64A4B-0218-4431-A03C-0EFD3FA66EF4}.Release|Any CPU.Build.0 = Release|Any CPU
	EndGlobalSection
	GlobalSection(SolutionProperties) = preSolution
		HideSolutionNode = FALSE
	EndGlobalSection
	GlobalSection(NestedProjects) = preSolution
		{0989BDE0-EBC2-4F24-A42A-B22ADF1E0A90} = {FB996D18-A323-42B7-A816-786A87C2D7EC}
		{5944F993-0009-4A42-B5FA-784810B4D38A} = {FB996D18-A323-42B7-A816-786A87C2D7EC}
		{78AE2AF4-7C4A-46FE-A438-CEFD797E5AA0} = {FB996D18-A323-42B7-A816-786A87C2D7EC}
		{7BD34EFD-F759-4CA0-911B-28DAF1853686} = {FB996D18-A323-42B7-A816-786A87C2D7EC}
		{3BAA777E-BD25-4AB3-B0F7-C6F18E49CC94} = {FB996D18-A323-42B7-A816-786A87C2D7EC}
		{3CA64A4B-0218-4431-A03C-0EFD3FA66EF4} = {FB996D18-A323-42B7-A816-786A87C2D7EC}
	EndGlobalSection
	GlobalSection(ExtensibilityGlobals) = postSolution
		SolutionGuid = {911F5156-CB2F-4153-BAEA-04E03CFD4773}
	EndGlobalSection
EndGlobal
